
Microsoft Visual Studio Solution File, Format Version 12.00
# Visual Studio Version 17
VisualStudioVersion = 17.8.34316.72
MinimumVisualStudioVersion = 10.0.40219.1
Project("{FAE04EC0-301F-11D3-BF4B-00C04F79EFBC}") = "HR-FizzBuzz", "HR-FizzBuzz\HR-FizzBuzz.csproj", "{DE69D640-E56C-4990-B83D-2D4FABADC8EE}"
EndProject
Global
	GlobalSection(SolutionConfigurationPlatforms) = preSolution
		Debug|Any CPU = Debug|Any CPU
		Release|Any CPU = Release|Any CPU
	EndGlobalSection
	GlobalSection(ProjectConfigurationPlatforms) = postSolution
		{DE69D640-E56C-4990-B83D-2D4FABADC8EE}.Debug|Any CPU.ActiveCfg = Debug|Any CPU
		{DE69D640-E56C-4990-B83D-2D4FABADC8EE}.Debug|Any CPU.Build.0 = Debug|Any CPU
		{DE69D640-E56C-4990-B83D-2D4FABADC8EE}.Release|Any CPU.ActiveCfg = Release|Any CPU
		{DE69D640-E56C-4990-B83D-2D4FABADC8EE}.Release|Any CPU.Build.0 = Release|Any CPU
	EndGlobalSection
	GlobalSection(SolutionProperties) = preSolution
		HideSolutionNode = FALSE
	EndGlobalSection
	GlobalSection(ExtensibilityGlobals) = postSolution
		SolutionGuid = {ACEB4A7B-E053-404F-A2A9-74E24F7096F4}
	EndGlobalSection
EndGlobal
